{
  "name": "grampro-kit-figma-generator",
  "version": "1.0.0",
  "lockfileVersion": 3,
  "requires": true,
  "packages": {
    "": {
      "name": "grampro-kit-figma-generator",
      "version": "1.0.0",
      "devDependencies": {
        "@figma/plugin-typings": "^1.100.0",
        "typescript": "~5.8.0"
      }
    },
    "node_modules/@figma/plugin-typings": {
      "version": "1.138.0",
      "resolved": "https://registry.npmjs.org/@figma/plugin-typings/-/plugin-typings-1.138.0.tgz",
      "integrity": "sha512-bLP9wRf8c0e4z5GbXpDUXd7YNPXEDpgyeMmTe8Lm4EWMU8JEO1DFRfj1NaucIeRSurbde8y7xS1jas60LTTDaw==",
      "dev": true,
      "license": "MIT License"
    },
    "node_modules/typescript": {
      "version": "5.8.3",
      "resolved": "https://registry.npmjs.org/typescript/-/typescript-5.8.3.tgz",
      "integrity": "sha512-p1diW6TqL9L07nNxvRMM7hMMw4c5XOo/1ibL4aAIGmSAt9slTE1Xgw5KWuof2uTOvCg9BY7ZRi+GaF+7sfgPeQ==",
      "dev": true,
      "license": "Apache-2.0",
      "bin": {
        "tsc": "bin/tsc",
        "tsserver": "bin/tsserver"
      },
      "engines": {
        "node": ">=14.17"
      }
    }
  }
}
